
Microsoft Visual Studio Solution File, Format Version 12.00
# Visual Studio Version 17
VisualStudioVersion = 17.4.33205.214
MinimumVisualStudioVersion = 10.0.40219.1
Project("{FAE04EC0-301F-11D3-BF4B-00C04F79EFBC}") = "WPF_TicTacToe", "WPF_TicTacToe\WPF_TicTacToe.csproj", "{C7A9A16C-9831-4851-A2DF-3F18A89DBC4E}"
EndProject
Global
	GlobalSection(SolutionConfigurationPlatforms) = preSolution
		Debug|Any CPU = Debug|Any CPU
		Release|Any CPU = Release|Any CPU
	EndGlobalSection
	GlobalSection(ProjectConfigurationPlatforms) = postSolution
		{C7A9A16C-9831-4851-A2DF-3F18A89DBC4E}.Debug|Any CPU.ActiveCfg = Debug|Any CPU
		{C7A9A16C-9831-4851-A2DF-3F18A89DBC4E}.Debug|Any CPU.Build.0 = Debug|Any CPU
		{C7A9A16C-9831-4851-A2DF-3F18A89DBC4E}.Release|Any CPU.ActiveCfg = Release|Any CPU
		{C7A9A16C-9831-4851-A2DF-3F18A89DBC4E}.Release|Any CPU.Build.0 = Release|Any CPU
	EndGlobalSection
	GlobalSection(SolutionProperties) = preSolution
		HideSolutionNode = FALSE
	EndGlobalSection
	GlobalSection(ExtensibilityGlobals) = postSolution
		SolutionGuid = {BA7BCC76-A593-4569-B0BD-2057578C351D}
	EndGlobalSection
EndGlobal
